// !$*UTF8*$!
{
	archiveVersion = 1;
	classes = {
	};
	objectVersion = 46;
	objects = {

/* Begin PBXBuildFile section */
		76AAE4E31DAED66A0060CD32 /* AppDelegate.swift in Sources */ = {isa = PBXBuildFile; fileRef = 76AAE4E21DAED66A0060CD32 /* AppDelegate.swift */; };
		76AAE4E51DAED66A0060CD32 /* SignInVC.swift in Sources */ = {isa = PBXBuildFile; fileRef = 76AAE4E41DAED66A0060CD32 /* SignInVC.swift */; };
		76AAE4E81DAED66A0060CD32 /* Main.storyboard in Resources */ = {isa = PBXBuildFile; fileRef = 76AAE4E61DAED66A0060CD32 /* Main.storyboard */; };
		76AAE4EA1DAED66A0060CD32 /* Assets.xcassets in Resources */ = {isa = PBXBuildFile; fileRef = 76AAE4E91DAED66A0060CD32 /* Assets.xcassets */; };
		76AAE4ED1DAED66A0060CD32 /* LaunchScreen.storyboard in Resources */ = {isa = PBXBuildFile; fileRef = 76AAE4EB1DAED66A0060CD32 /* LaunchScreen.storyboard */; };
		76AAE4F51DAEDB890060CD32 /* GoogleService-Info.plist in Resources */ = {isa = PBXBuildFile; fileRef = 76AAE4F41DAEDB890060CD32 /* GoogleService-Info.plist */; };
		BF73DE91537683DB35ED0524 /* Pods_Firebase_Social_Media.framework in Frameworks */ = {isa = PBXBuildFile; fileRef = C7956331EB05F0C59D372D0E /* Pods_Firebase_Social_Media.framework */; };
/* End PBXBuildFile section */

/* Begin PBXFileReference section */
		5DE16609BA058DC3FEE027D6 /* Pods-Firebase Social Media.debug.xcconfig */ = {isa = PBXFileReference; includeInIndex = 1; lastKnownFileType = text.xcconfig; name = "Pods-Firebase Social Media.debug.xcconfig"; path = "Pods/Target Support Files/Pods-Firebase Social Media/Pods-Firebase Social Media.debug.xcconfig"; sourceTree = "<group>"; };
		76AAE4DF1DAED66A0060CD32 /* Firebase Social Media.app */ = {isa = PBXFileReference; explicitFileType = wrapper.application; includeInIndex = 0; path = "Firebase Social Media.app"; sourceTree = BUILT_PRODUCTS_DIR; };
		76AAE4E21DAED66A0060CD32 /* AppDelegate.swift */ = {isa = PBXFileReference; lastKnownFileType = sourcecode.swift; path = AppDelegate.swift; sourceTree = "<group>"; };
		76AAE4E41DAED66A0060CD32 /* SignInVC.swift */ = {isa = PBXFileReference; lastKnownFileType = sourcecode.swift; path = SignInVC.swift; sourceTree = "<group>"; };
		76AAE4E71DAED66A0060CD32 /* Base */ = {isa = PBXFileReference; lastKnownFileType = file.storyboard; name = Base; path = Base.lproj/Main.storyboard; sourceTree = "<group>"; };
		76AAE4E91DAED66A0060CD32 /* Assets.xcassets */ = {isa = PBXFileReference; lastKnownFileType = folder.assetcatalog; path = Assets.xcassets; sourceTree = "<group>"; };
		76AAE4EC1DAED66A0060CD32 /* Base */ = {isa = PBXFileReference; lastKnownFileType = file.storyboard; name = Base; path = Base.lproj/LaunchScreen.storyboard; sourceTree = "<group>"; };
		76AAE4EE1DAED66A0060CD32 /* Info.plist */ = {isa = PBXFileReference; lastKnownFileType = text.plist.xml; path = Info.plist; sourceTree = "<group>"; };
		76AAE4F41DAEDB890060CD32 /* GoogleService-Info.plist */ = {isa = PBXFileReference; fileEncoding = 4; lastKnownFileType = text.plist.xml; path = "GoogleService-Info.plist"; sourceTree = "<group>"; };
		80084C04BD7D0C120EBB9587 /* Pods-Firebase Social Media.release.xcconfig */ = {isa = PBXFileReference; includeInIndex = 1; lastKnownFileType = text.xcconfig; name = "Pods-Firebase Social Media.release.xcconfig"; path = "Pods/Target Support Files/Pods-Firebase Social Media/Pods-Firebase Social Media.release.xcconfig"; sourceTree = "<group>"; };
		C7956331EB05F0C59D372D0E /* Pods_Firebase_Social_Media.framework */ = {isa = PBXFileReference; explicitFileType = wrapper.framework; includeInIndex = 0; path = Pods_Firebase_Social_Media.framework; sourceTree = BUILT_PRODUCTS_DIR; };
/* End PBXFileReference section */

/* Begin PBXFrameworksBuildPhase section */
		76AAE4DC1DAED66A0060CD32 /* Frameworks */ = {
			isa = PBXFrameworksBuildPhase;
			buildActionMask = 2147483647;
			files = (
				BF73DE91537683DB35ED0524 /* Pods_Firebase_Social_Media.framework in Frameworks */,
			);
			runOnlyForDeploymentPostprocessing = 0;
		};
/* End PBXFrameworksBuildPhase section */

/* Begin PBXGroup section */
		101474F86EA64FE4D51C5C80 /* Pods */ = {
			isa = PBXGroup;
			children = (
				5DE16609BA058DC3FEE027D6 /* Pods-Firebase Social Media.debug.xcconfig */,
				80084C04BD7D0C120EBB9587 /* Pods-Firebase Social Media.release.xcconfig */,
			);
			name = Pods;
			sourceTree = "<group>";
		};
		76AAE4D61DAED66A0060CD32 = {
			isa = PBXGroup;
			children = (
				76AAE4E11DAED66A0060CD32 /* Firebase Social Media */,
				76AAE4E01DAED66A0060CD32 /* Products */,
				101474F86EA64FE4D51C5C80 /* Pods */,
				A90432D68506B7AC9B11AE18 /* Frameworks */,
			);
			sourceTree = "<group>";
		};
		76AAE4E01DAED66A0060CD32 /* Products */ = {
			isa = PBXGroup;
			children = (
				76AAE4DF1DAED66A0060CD32 /* Firebase Social Media.app */,
			);
			name = Products;
			sourceTree = "<group>";
		};
		76AAE4E11DAED66A0060CD32 /* Firebase Social Media */ = {
			isa = PBXGroup;
			children = (
				76AAE4F81DAEDDE80060CD32 /* Controller */,
				76AAE4F71DAEDDDE0060CD32 /* View */,
				76AAE4F61DAEDDD90060CD32 /* Model */,
				76AAE4E21DAED66A0060CD32 /* AppDelegate.swift */,
				76AAE4E61DAED66A0060CD32 /* Main.storyboard */,
				76AAE4E91DAED66A0060CD32 /* Assets.xcassets */,
				76AAE4EB1DAED66A0060CD32 /* LaunchScreen.storyboard */,
				76AAE4EE1DAED66A0060CD32 /* Info.plist */,
				76AAE4F41DAEDB890060CD32 /* GoogleService-Info.plist */,
			);
			path = "Firebase Social Media";
			sourceTree = "<group>";
		};
		76AAE4F61DAEDDD90060CD32 /* Model */ = {
			isa = PBXGroup;
			children = (
			);
			name = Model;
			sourceTree = "<group>";
		};
		76AAE4F71DAEDDDE0060CD32 /* View */ = {
			isa = PBXGroup;
			children = (
			);
			name = View;
			sourceTree = "<group>";
		};
		76AAE4F81DAEDDE80060CD32 /* Controller */ = {
			isa = PBXGroup;
			children = (
				76AAE4E41DAED66A0060CD32 /* SignInVC.swift */,
			);
			name = Controller;
			sourceTree = "<group>";
		};
		A90432D68506B7AC9B11AE18 /* Frameworks */ = {
			isa = PBXGroup;
			children = (
				C7956331EB05F0C59D372D0E /* Pods_Firebase_Social_Media.framework */,
			);
			name = Frameworks;
			sourceTree = "<group>";
		};
/* End PBXGroup section */

/* Begin PBXNativeTarget section */
		76AAE4DE1DAED66A0060CD32 /* Firebase Social Media */ = {
			isa = PBXNativeTarget;
			buildConfigurationList = 76AAE4F11DAED66A0060CD32 /* Build configuration list for PBXNativeTarget "Firebase Social Media" */;
			buildPhases = (
				4BCB3EA4DDAACCE61654AF08 /* [CP] Check Pods Manifest.lock */,
				76AAE4DB1DAED66A0060CD32 /* Sources */,
				76AAE4DC1DAED66A0060CD32 /* Frameworks */,
				76AAE4DD1DAED66A0060CD32 /* Resources */,
				5FFA544CEC8C0CAA80B8334E /* [CP] Embed Pods Frameworks */,
				3E4A4151660C5A5979480B6B /* [CP] Copy Pods Resources */,
			);
			buildRules = (
			);
			dependencies = (
			);
			name = "Firebase Social Media";
			productName = "Firebase Social Media";
			productReference = 76AAE4DF1DAED66A0060CD32 /* Firebase Social Media.app */;
			productType = "com.apple.product-type.application";
		};
/* End PBXNativeTarget section */

/* Begin PBXProject section */
		76AAE4D71DAED66A0060CD32 /* Project object */ = {
			isa = PBXProject;
			attributes = {
				LastSwiftUpdateCheck = 0800;
				LastUpgradeCheck = 0800;
				ORGANIZATIONNAME = BoogieSquad;
				TargetAttributes = {
					76AAE4DE1DAED66A0060CD32 = {
						CreatedOnToolsVersion = 8.0;
						DevelopmentTeam = G57AD7E667;
						ProvisioningStyle = Automatic;
					};
				};
			};
			buildConfigurationList = 76AAE4DA1DAED66A0060CD32 /* Build configuration list for PBXProject "Firebase Social Media" */;
			compatibilityVersion = "Xcode 3.2";
			developmentRegion = English;
			hasScannedForEncodings = 0;
			knownRegions = (
				en,
				Base,
			);
			mainGroup = 76AAE4D61DAED66A0060CD32;
			productRefGroup = 76AAE4E01DAED66A0060CD32 /* Products */;
			projectDirPath = "";
			projectRoot = "";
			targets = (
				76AAE4DE1DAED66A0060CD32 /* Firebase Social Media */,
			);
		};
/* End PBXProject section */

/* Begin PBXResourcesBuildPhase section */
		76AAE4DD1DAED66A0060CD32 /* Resources */ = {
			isa = PBXResourcesBuildPhase;
			buildActionMask = 2147483647;
			files = (
				76AAE4ED1DAED66A0060CD32 /* LaunchScreen.storyboard in Resources */,
				76AAE4EA1DAED66A0060CD32 /* Assets.xcassets in Resources */,
				76AAE4E81DAED66A0060CD32 /* Main.storyboard in Resources */,
				76AAE4F51DAEDB890060CD32 /* GoogleService-Info.plist in Resources */,
			);
			runOnlyForDeploymentPostprocessing = 0;
		};
/* End PBXResourcesBuildPhase section */

/* Begin PBXShellScriptBuildPhase section */
		3E4A4151660C5A5979480B6B /* [CP] Copy Pods Resources */ = {
			isa = PBXShellScriptBuildPhase;
			buildActionMask = 2147483647;
			files = (
			);
			inputPaths = (
			);
			name = "[CP] Copy Pods Resources";
			outputPaths = (
			);
			runOnlyForDeploymentPostprocessing = 0;
			shellPath = /bin/sh;
			shellScript = "\"${SRCROOT}/Pods/Target Support Files/Pods-Firebase Social Media/Pods-Firebase Social Media-resources.sh\"\n";
			showEnvVarsInLog = 0;
		};
		4BCB3EA4DDAACCE61654AF08 /* [CP] Check Pods Manifest.lock */ = {
			isa = PBXShellScriptBuildPhase;
			buildActionMask = 2147483647;
			files = (
			);
			inputPaths = (
			);
			name = "[CP] Check Pods Manifest.lock";
			outputPaths = (
			);
			runOnlyForDeploymentPostprocessing = 0;
			shellPath = /bin/sh;
			shellScript = "diff \"${PODS_ROOT}/../Podfile.lock\" \"${PODS_ROOT}/Manifest.lock\" > /dev/null\nif [ $? != 0 ] ; then\n    # print error to STDERR\n    echo \"error: The sandbox is not in sync with the Podfile.lock. Run 'pod install' or update your CocoaPods installation.\" >&2\n    exit 1\nfi\n";
			showEnvVarsInLog = 0;
		};
		5FFA544CEC8C0CAA80B8334E /* [CP] Embed Pods Frameworks */ = {
			isa = PBXShellScriptBuildPhase;
			buildActionMask = 2147483647;
			files = (
			);
			inputPaths = (
			);
			name = "[CP] Embed Pods Frameworks";
			outputPaths = (
			);
			runOnlyForDeploymentPostprocessing = 0;
			shellPath = /bin/sh;
			shellScript = "\"${SRCROOT}/Pods/Target Support Files/Pods-Firebase Social Media/Pods-Firebase Social Media-frameworks.sh\"\n";
			showEnvVarsInLog = 0;
		};
/* End PBXShellScriptBuildPhase section */

/* Begin PBXSourcesBuildPhase section */
		76AAE4DB1DAED66A0060CD32 /* Sources */ = {
			isa = PBXSourcesBuildPhase;
			buildActionMask = 2147483647;
			files = (
				76AAE4E51DAED66A0060CD32 /* SignInVC.swift in Sources */,
				76AAE4E31DAED66A0060CD32 /* AppDelegate.swift in Sources */,
			);
			runOnlyForDeploymentPostprocessing = 0;
		};
/* End PBXSourcesBuildPhase section */

/* Begin PBXVariantGroup section */
		76AAE4E61DAED66A0060CD32 /* Main.storyboard */ = {
			isa = PBXVariantGroup;
			children = (
				76AAE4E71DAED66A0060CD32 /* Base */,
			);
			name = Main.storyboard;
			sourceTree = "<group>";
		};
		76AAE4EB1DAED66A0060CD32 /* LaunchScreen.storyboard */ = {
			isa = PBXVariantGroup;
			children = (
				76AAE4EC1DAED66A0060CD32 /* Base */,
			);
			name = LaunchScreen.storyboard;
			sourceTree = "<group>";
		};
/* End PBXVariantGroup section */

/* Begin XCBuildConfiguration section */
		76AAE4EF1DAED66A0060CD32 /* Debug */ = {
			isa = XCBuildConfiguration;
			buildSettings = {
				ALWAYS_SEARCH_USER_PATHS = NO;
				CLANG_ANALYZER_NONNULL = YES;
				CLANG_CXX_LANGUAGE_STANDARD = "gnu++0x";
				CLANG_CXX_LIBRARY = "libc++";
				CLANG_ENABLE_MODULES = YES;
				CLANG_ENABLE_OBJC_ARC = YES;
				CLANG_WARN_BOOL_CONVERSION = YES;
				CLANG_WARN_CONSTANT_CONVERSION = YES;
				CLANG_WARN_DIRECT_OBJC_ISA_USAGE = YES_ERROR;
				CLANG_WARN_DOCUMENTATION_COMMENTS = YES;
				CLANG_WARN_EMPTY_BODY = YES;
				CLANG_WARN_ENUM_CONVERSION = YES;
				CLANG_WARN_INFINITE_RECURSION = YES;
				CLANG_WARN_INT_CONVERSION = YES;
				CLANG_WARN_OBJC_ROOT_CLASS = YES_ERROR;
				CLANG_WARN_SUSPICIOUS_MOVES = YES;
				CLANG_WARN_UNREACHABLE_CODE = YES;
				CLANG_WARN__DUPLICATE_METHOD_MATCH = YES;
				"CODE_SIGN_IDENTITY[sdk=iphoneos*]" = "iPhone Developer";
				COPY_PHASE_STRIP = NO;
				DEBUG_INFORMATION_FORMAT = dwarf;
				ENABLE_STRICT_OBJC_MSGSEND = YES;
				ENABLE_TESTABILITY = YES;
				GCC_C_LANGUAGE_STANDARD = gnu99;
				GCC_DYNAMIC_NO_PIC = NO;
				GCC_NO_COMMON_BLOCKS = YES;
				GCC_OPTIMIZATION_LEVEL = 0;
				GCC_PREPROCESSOR_DEFINITIONS = (
					"DEBUG=1",
					"$(inherited)",
				);
				GCC_WARN_64_TO_32_BIT_CONVERSION = YES;
				GCC_WARN_ABOUT_RETURN_TYPE = YES_ERROR;
				GCC_WARN_UNDECLARED_SELECTOR = YES;
				GCC_WARN_UNINITIALIZED_AUTOS = YES_AGGRESSIVE;
				GCC_WARN_UNUSED_FUNCTION = YES;
				GCC_WARN_UNUSED_VARIABLE = YES;
				IPHONEOS_DEPLOYMENT_TARGET = 10.0;
				MTL_ENABLE_DEBUG_INFO = YES;
				ONLY_ACTIVE_ARCH = YES;
				SDKROOT = iphoneos;
				SWIFT_ACTIVE_COMPILATION_CONDITIONS = DEBUG;
				SWIFT_OPTIMIZATION_LEVEL = "-Onone";
				TARGETED_DEVICE_FAMILY = "1,2";
			};
			name = Debug;
		};
		76AAE4F01DAED66A0060CD32 /* Release */ = {
			isa = XCBuildConfiguration;
			buildSettings = {
				ALWAYS_SEARCH_USER_PATHS = NO;
				CLANG_ANALYZER_NONNULL = YES;
				CLANG_CXX_LANGUAGE_STANDARD = "gnu++0x";
				CLANG_CXX_LIBRARY = "libc++";
				CLANG_ENABLE_MODULES = YES;
				CLANG_ENABLE_OBJC_ARC = YES;
				CLANG_WARN_BOOL_CONVERSION = YES;
				CLANG_WARN_CONSTANT_CONVERSION = YES;
				CLANG_WARN_DIRECT_OBJC_ISA_USAGE = YES_ERROR;
				CLANG_WARN_DOCUMENTATION_COMMENTS = YES;
				CLANG_WARN_EMPTY_BODY = YES;
				CLANG_WARN_ENUM_CONVERSION = YES;
				CLANG_WARN_INFINITE_RECURSION = YES;
				CLANG_WARN_INT_CONVERSION = YES;
				CLANG_WARN_OBJC_ROOT_CLASS = YES_ERROR;
				CLANG_WARN_SUSPICIOUS_MOVES = YES;
				CLANG_WARN_UNREACHABLE_CODE = YES;
				CLANG_WARN__DUPLICATE_METHOD_MATCH = YES;
				"CODE_SIGN_IDENTITY[sdk=iphoneos*]" = "iPhone Developer";
				COPY_PHASE_STRIP = NO;
				DEBUG_INFORMATION_FORMAT = "dwarf-with-dsym";
				ENABLE_NS_ASSERTIONS = NO;
				ENABLE_STRICT_OBJC_MSGSEND = YES;
				GCC_C_LANGUAGE_STANDARD = gnu99;
				GCC_NO_COMMON_BLOCKS = YES;
				GCC_WARN_64_TO_32_BIT_CONVERSION = YES;
				GCC_WARN_ABOUT_RETURN_TYPE = YES_ERROR;
				GCC_WARN_UNDECLARED_SELECTOR = YES;
				GCC_WARN_UNINITIALIZED_AUTOS = YES_AGGRESSIVE;
				GCC_WARN_UNUSED_FUNCTION = YES;
				GCC_WARN_UNUSED_VARIABLE = YES;
				IPHONEOS_DEPLOYMENT_TARGET = 10.0;
				MTL_ENABLE_DEBUG_INFO = NO;
				SDKROOT = iphoneos;
				SWIFT_OPTIMIZATION_LEVEL = "-Owholemodule";
				TARGETED_DEVICE_FAMILY = "1,2";
				VALIDATE_PRODUCT = YES;
			};
			name = Release;
		};
		76AAE4F21DAED66A0060CD32 /* Debug */ = {
			isa = XCBuildConfiguration;
			baseConfigurationReference = 5DE16609BA058DC3FEE027D6 /* Pods-Firebase Social Media.debug.xcconfig */;
			buildSettings = {
				ASSETCATALOG_COMPILER_APPICON_NAME = AppIcon;
				DEVELOPMENT_TEAM = G57AD7E667;
				INFOPLIST_FILE = "Firebase Social Media/Info.plist";
				LD_RUNPATH_SEARCH_PATHS = "$(inherited) @executable_path/Frameworks";
				PRODUCT_BUNDLE_IDENTIFIER = "com.-BoogieSquad.Firebase-Social-Media";
				PRODUCT_NAME = "$(TARGET_NAME)";
				SWIFT_VERSION = 3.0;
			};
			name = Debug;
		};
		76AAE4F31DAED66A0060CD32 /* Release */ = {
			isa = XCBuildConfiguration;
			baseConfigurationReference = 80084C04BD7D0C120EBB9587 /* Pods-Firebase Social Media.release.xcconfig */;
			buildSettings = {
				ASSETCATALOG_COMPILER_APPICON_NAME = AppIcon;
				DEVELOPMENT_TEAM = G57AD7E667;
				INFOPLIST_FILE = "Firebase Social Media/Info.plist";
				LD_RUNPATH_SEARCH_PATHS = "$(inherited) @executable_path/Frameworks";
				PRODUCT_BUNDLE_IDENTIFIER = "com.-BoogieSquad.Firebase-Social-Media";
				PRODUCT_NAME = "$(TARGET_NAME)";
				SWIFT_VERSION = 3.0;
			};
			name = Release;
		};
/* End XCBuildConfiguration section */

/* Begin XCConfigurationList section */
		76AAE4DA1DAED66A0060CD32 /* Build configuration list for PBXProject "Firebase Social Media" */ = {
			isa = XCConfigurationList;
			buildConfigurations = (
				76AAE4EF1DAED66A0060CD32 /* Debug */,
				76AAE4F01DAED66A0060CD32 /* Release */,
			);
			defaultConfigurationIsVisible = 0;
			defaultConfigurationName = Release;
		};
		76AAE4F11DAED66A0060CD32 /* Build configuration list for PBXNativeTarget "Firebase Social Media" */ = {
			isa = XCConfigurationList;
			buildConfigurations = (
				76AAE4F21DAED66A0060CD32 /* Debug */,
				76AAE4F31DAED66A0060CD32 /* Release */,
			);
			defaultConfigurationIsVisible = 0;
			defaultConfigurationName = Release;
		};
/* End XCConfigurationList section */
	};
	rootObject = 76AAE4D71DAED66A0060CD32 /* Project object */;
}
